
Microsoft Visual Studio Solution File, Format Version 12.00
# Visual Studio 2012
Project("{8BC9CEB8-8B4A-11D0-8D11-00A0C91BC942}") = "wol-wrapper", "wol-wrapper\wol-wrapper.vcxproj", "{B3431590-76B6-474F-8F23-7ADD4DEBEC1F}"
EndProject
Project("{8BC9CEB8-8B4A-11D0-8D11-00A0C91BC942}") = "pssd-wrapper", "pssd-wrapper\pssd-wrapper.vcxproj", "{6869D0D2-4CCC-4703-8E70-EEBAFE364E1C}"
EndProject
Global
	GlobalSection(SolutionConfigurationPlatforms) = preSolution
		Debug|Mixed Platforms = Debug|Mixed Platforms
		Debug|Win32 = Debug|Win32
		Debug|x64 = Debug|x64
		Debug|x86 = Debug|x86
		Release|Mixed Platforms = Release|Mixed Platforms
		Release|Win32 = Release|Win32
		Release|x64 = Release|x64
		Release|x86 = Release|x86
	EndGlobalSection
	GlobalSection(ProjectConfigurationPlatforms) = postSolution
		{B3431590-76B6-474F-8F23-7ADD4DEBEC1F}.Debug|Mixed Platforms.ActiveCfg = Debug|Win32
		{B3431590-76B6-474F-8F23-7ADD4DEBEC1F}.Debug|Mixed Platforms.Build.0 = Debug|Win32
		{B3431590-76B6-474F-8F23-7ADD4DEBEC1F}.Debug|Win32.ActiveCfg = Debug|Win32
		{B3431590-76B6-474F-8F23-7ADD4DEBEC1F}.Debug|Win32.Build.0 = Debug|Win32
		{B3431590-76B6-474F-8F23-7ADD4DEBEC1F}.Debug|x64.ActiveCfg = Debug|x64
		{B3431590-76B6-474F-8F23-7ADD4DEBEC1F}.Debug|x64.Build.0 = Debug|x64
		{B3431590-76B6-474F-8F23-7ADD4DEBEC1F}.Debug|x86.ActiveCfg = Debug|Win32
		{B3431590-76B6-474F-8F23-7ADD4DEBEC1F}.Debug|x86.Build.0 = Debug|Win32
		{B3431590-76B6-474F-8F23-7ADD4DEBEC1F}.Release|Mixed Platforms.ActiveCfg = Release|Win32
		{B3431590-76B6-474F-8F23-7ADD4DEBEC1F}.Release|Mixed Platforms.Build.0 = Release|Win32
		{B3431590-76B6-474F-8F23-7ADD4DEBEC1F}.Release|Win32.ActiveCfg = Release|Win32
		{B3431590-76B6-474F-8F23-7ADD4DEBEC1F}.Release|Win32.Build.0 = Release|Win32
		{B3431590-76B6-474F-8F23-7ADD4DEBEC1F}.Release|x64.ActiveCfg = Release|x64
		{B3431590-76B6-474F-8F23-7ADD4DEBEC1F}.Release|x64.Build.0 = Release|x64
		{B3431590-76B6-474F-8F23-7ADD4DEBEC1F}.Release|x86.ActiveCfg = Release|Win32
		{B3431590-76B6-474F-8F23-7ADD4DEBEC1F}.Release|x86.Build.0 = Release|Win32
		{6869D0D2-4CCC-4703-8E70-EEBAFE364E1C}.Debug|Mixed Platforms.ActiveCfg = Debug|Win32
		{6869D0D2-4CCC-4703-8E70-EEBAFE364E1C}.Debug|Mixed Platforms.Build.0 = Debug|Win32
		{6869D0D2-4CCC-4703-8E70-EEBAFE364E1C}.Debug|Win32.ActiveCfg = Debug|Win32
		{6869D0D2-4CCC-4703-8E70-EEBAFE364E1C}.Debug|Win32.Build.0 = Debug|Win32
		{6869D0D2-4CCC-4703-8E70-EEBAFE364E1C}.Debug|x64.ActiveCfg = Debug|Win32
		{6869D0D2-4CCC-4703-8E70-EEBAFE364E1C}.Debug|x86.ActiveCfg = Debug|Win32
		{6869D0D2-4CCC-4703-8E70-EEBAFE364E1C}.Debug|x86.Build.0 = Debug|Win32
		{6869D0D2-4CCC-4703-8E70-EEBAFE364E1C}.Release|Mixed Platforms.ActiveCfg = Release|Win32
		{6869D0D2-4CCC-4703-8E70-EEBAFE364E1C}.Release|Mixed Platforms.Build.0 = Release|Win32
		{6869D0D2-4CCC-4703-8E70-EEBAFE364E1C}.Release|Win32.ActiveCfg = Release|Win32
		{6869D0D2-4CCC-4703-8E70-EEBAFE364E1C}.Release|Win32.Build.0 = Release|Win32
		{6869D0D2-4CCC-4703-8E70-EEBAFE364E1C}.Release|x64.ActiveCfg = Release|Win32
		{6869D0D2-4CCC-4703-8E70-EEBAFE364E1C}.Release|x86.ActiveCfg = Release|Win32
		{6869D0D2-4CCC-4703-8E70-EEBAFE364E1C}.Release|x86.Build.0 = Release|Win32
	EndGlobalSection
	GlobalSection(SolutionProperties) = preSolution
		HideSolutionNode = FALSE
	EndGlobalSection
EndGlobal
